github.com/google/go-cmp v0.4.0 h1:xsAVV57WRhGj6kEIi8ReJzQlHHqcBYCElAvkovg3B/4=
github.com/google/go-cmp v0.4.0/go.mod h1:v8dTdLbMG2kIc/vJvl+f65V22dbkXbowE6jgT/gNBxE=
github.com/gotk3/gotk3 v0.0.0-20200103101635-d3629b451bb5 h1:FEketUKKSYVEM7KBQmhXmZCRu2udwsRuiy8uoyN9gUE=
github.com/gotk3/gotk3 v0.0.0-20200103101635-d3629b451bb5/go.mod h1:Eew3QBwAOBTrfFFDmsDE5wZWbcagBL1NUslj1GhRveo=
golang.org/x/image v0.0.0-20191214001246-9130b4cfad52 h1:2fktqPPvDiVEEVT/vSTeoUPXfmRxRaGy6GU8jypvEn0=
golang.org/x/image v0.0.0-20191214001246-9130b4cfad52/go.mod h1:FeLwcggjj3mMvU+oOTbSwawSJRM1uh48EjtB4UJZlP0=
golang.org/x/text v0.3.0/go.mod h1:NqM8EUOU14njkJ3fqMW+pc6Ldnwhi/IjpwHt7yyuwOQ=
golang.org/x/xerrors v0.0.0-20191204190536-9bdfabe68543 h1:E7g+9GITq07hpfrRu66IVDexMakfv52eLZ2CXBWiKr4=
golang.org/x/xerrors v0.0.0-20191204190536-9bdfabe68543/go.mod h1:I/5z698sn9Ka8TeJc9MKroUUfqBBauWjQqLJ2OPfmY0=
